
Microsoft Visual Studio Solution File, Format Version 12.00
# Visual Studio Version 17
VisualStudioVersion = 17.5.33516.290
MinimumVisualStudioVersion = 10.0.40219.1
Project("{FAE04EC0-301F-11D3-BF4B-00C04F79EFBC}") = "TiposDeDados2", "TiposDeDados2\TiposDeDados2.csproj", "{E998C9B4-BC93-42A7-83D8-3316703556EC}"
EndProject
Global
	GlobalSection(SolutionConfigurationPlatforms) = preSolution
		Debug|Any CPU = Debug|Any CPU
		Release|Any CPU = Release|Any CPU
	EndGlobalSection
	GlobalSection(ProjectConfigurationPlatforms) = postSolution
		{E998C9B4-BC93-42A7-83D8-3316703556EC}.Debug|Any CPU.ActiveCfg = Debug|Any CPU
		{E998C9B4-BC93-42A7-83D8-3316703556EC}.Debug|Any CPU.Build.0 = Debug|Any CPU
		{E998C9B4-BC93-42A7-83D8-3316703556EC}.Release|Any CPU.ActiveCfg = Release|Any CPU
		{E998C9B4-BC93-42A7-83D8-3316703556EC}.Release|Any CPU.Build.0 = Release|Any CPU
	EndGlobalSection
	GlobalSection(SolutionProperties) = preSolution
		HideSolutionNode = FALSE
	EndGlobalSection
	GlobalSection(ExtensibilityGlobals) = postSolution
		SolutionGuid = {E9FBC51A-FA95-4AA9-BB9B-E111A066FA11}
	EndGlobalSection
EndGlobal
