
Microsoft Visual Studio Solution File, Format Version 12.00
# Visual Studio Version 17
VisualStudioVersion = 17.8.34408.163
MinimumVisualStudioVersion = 10.0.40219.1
Project("{9A19103F-16F7-4668-BE54-9A1E7A4F7556}") = "TiposDeDados", "TiposDeDados\TiposDeDados.csproj", "{DAC517DA-5C0A-40D5-856D-78DA40C5B73F}"
EndProject
Project("{9A19103F-16F7-4668-BE54-9A1E7A4F7556}") = "DataEHora", "DataEHora\DataEHora.csproj", "{0CFDBA73-BBE3-43B2-AFA5-0125BB0A8DE1}"
EndProject
Project("{9A19103F-16F7-4668-BE54-9A1E7A4F7556}") = "NullableTipes", "NullableTipes\NullableTipes.csproj", "{E1042379-4A90-4099-AEF6-F0400D18B093}"
EndProject
Project("{9A19103F-16F7-4668-BE54-9A1E7A4F7556}") = "ClasseObejetos", "ClasseObejetos\ClasseObejetos.csproj", "{00123D27-941E-45BB-B3D7-9425338E6DBF}"
EndProject
Project("{9A19103F-16F7-4668-BE54-9A1E7A4F7556}") = "Metodos", "Metodos\Metodos.csproj", "{D69E0BE3-4FFE-4466-8ECE-AC159363A060}"
EndProject
Project("{9A19103F-16F7-4668-BE54-9A1E7A4F7556}") = "ExercicioClassObj", "ExercicioClassObj\ExercicioClassObj.csproj", "{CAF47C6F-E162-47DB-A8BF-B424C60D5E7A}"
EndProject
Project("{9A19103F-16F7-4668-BE54-9A1E7A4F7556}") = "MetodosAvanc", "MetodosAvanc\MetodosAvanc.csproj", "{CEE76295-059F-4C61-8890-1F170A8D73B4}"
EndProject
Project("{9A19103F-16F7-4668-BE54-9A1E7A4F7556}") = "ParametrosPValor", "ParametrosPValor\ParametrosPValor.csproj", "{A3306C26-3B4D-4F71-A7EF-22955AF6537C}"
EndProject
Project("{9A19103F-16F7-4668-BE54-9A1E7A4F7556}") = "ParametropRef", "ParametropRef\ParametropRef.csproj", "{6154CA17-5724-4D78-B8BE-3B7D9FF6E40B}"
EndProject
Project("{9A19103F-16F7-4668-BE54-9A1E7A4F7556}") = "ExeFase3", "ExeFase3\ExeFase3.csproj", "{84E4448B-347F-4EA6-8E35-887094C1F540}"
EndProject
Project("{9A19103F-16F7-4668-BE54-9A1E7A4F7556}") = "chaveOut", "chaveOut\chaveOut.csproj", "{5E5254CB-8DE3-4C5A-9BB2-477E3569B1C5}"
EndProject
Project("{9A19103F-16F7-4668-BE54-9A1E7A4F7556}") = "ExeFase4", "ExeFase4\ExeFase4.csproj", "{308BF9F1-61E6-457C-B95B-F7A1D36FA921}"
EndProject
Project("{9A19103F-16F7-4668-BE54-9A1E7A4F7556}") = "Argumentos", "Argumentos\Argumentos.csproj", "{A610F5C1-E0AD-469F-8BD4-89FB52E602FB}"
EndProject
Project("{9A19103F-16F7-4668-BE54-9A1E7A4F7556}") = "ParametOpc", "ParametOpc\ParametOpc.csproj", "{C00F1862-77A4-490C-A570-D3BE859554FB}"
EndProject
Project("{9A19103F-16F7-4668-BE54-9A1E7A4F7556}") = "ExeFase5[", "ExeFase5[\ExeFase5[.csproj", "{A3759243-BF66-4CD7-BA71-D5C65DF6D1D7}"
EndProject
Project("{9A19103F-16F7-4668-BE54-9A1E7A4F7556}") = "MetodosEstaticos", "MetodosEstaticos\MetodosEstaticos.csproj", "{029773D6-D989-40B7-9A65-8871CC86490D}"
EndProject
Project("{9A19103F-16F7-4668-BE54-9A1E7A4F7556}") = "ExeFase6", "ExeFase6\ExeFase6.csproj", "{D8F668D7-490F-4B4A-855C-2AB1FE001343}"
EndProject
Project("{9A19103F-16F7-4668-BE54-9A1E7A4F7556}") = "ConstrutorStatic", "ConstrutorStatic\ConstrutorStatic.csproj", "{AD051862-692E-4648-B118-91D5B05CEFA8}"
EndProject
Project("{9A19103F-16F7-4668-BE54-9A1E7A4F7556}") = "Propriedades", "Propriedades\Propriedades.csproj", "{F64A6008-9B04-457C-8846-7791B1591942}"
EndProject
Project("{9A19103F-16F7-4668-BE54-9A1E7A4F7556}") = "ExeFase7", "ExeFase7\ExeFase7.csproj", "{7D78E5D9-5AD9-4BC8-AD65-3C572D10C1E7}"
EndProject
Project("{9A19103F-16F7-4668-BE54-9A1E7A4F7556}") = "Structis", "Structis\Structis.csproj", "{45B0F013-B6D3-4DD1-9295-9B13C9048B8C}"
EndProject
Project("{9A19103F-16F7-4668-BE54-9A1E7A4F7556}") = "Enums", "Enums\Enums.csproj", "{2FE2EDDA-D723-4694-9128-27A19358C404}"
EndProject
Project("{9A19103F-16F7-4668-BE54-9A1E7A4F7556}") = "ExeFase9", "ExeFase9\ExeFase9.csproj", "{F1CF2D21-8B7F-4237-8A98-042E9175B061}"
EndProject
Project("{FAE04EC0-301F-11D3-BF4B-00C04F79EFBC}") = "ModifyAccses", "ModifyAccses\ModifyAccses.csproj", "{26BEA3A4-9C5E-445E-965A-10CDD7CB523D}"
EndProject
Project("{FAE04EC0-301F-11D3-BF4B-00C04F79EFBC}") = "TratamentoErro", "TratamentoErro\TratamentoErro.csproj", "{6FEDD9B1-32E7-4B84-B0C4-BC614EBD99FE}"
EndProject
Project("{FAE04EC0-301F-11D3-BF4B-00C04F79EFBC}") = "TipoAnonimo", "TipoAnonimo\TipoAnonimo.csproj", "{6FCE8108-FCD8-48FD-A07A-28134C0DC2D3}"
EndProject
Global
	GlobalSection(SolutionConfigurationPlatforms) = preSolution
		Debug|Any CPU = Debug|Any CPU
		Release|Any CPU = Release|Any CPU
	EndGlobalSection
	GlobalSection(ProjectConfigurationPlatforms) = postSolution
		{DAC517DA-5C0A-40D5-856D-78DA40C5B73F}.Debug|Any CPU.ActiveCfg = Debug|Any CPU
		{DAC517DA-5C0A-40D5-856D-78DA40C5B73F}.Debug|Any CPU.Build.0 = Debug|Any CPU
		{DAC517DA-5C0A-40D5-856D-78DA40C5B73F}.Release|Any CPU.ActiveCfg = Release|Any CPU
		{DAC517DA-5C0A-40D5-856D-78DA40C5B73F}.Release|Any CPU.Build.0 = Release|Any CPU
		{0CFDBA73-BBE3-43B2-AFA5-0125BB0A8DE1}.Debug|Any CPU.ActiveCfg = Debug|Any CPU
		{0CFDBA73-BBE3-43B2-AFA5-0125BB0A8DE1}.Debug|Any CPU.Build.0 = Debug|Any CPU
		{0CFDBA73-BBE3-43B2-AFA5-0125BB0A8DE1}.Release|Any CPU.ActiveCfg = Release|Any CPU
		{0CFDBA73-BBE3-43B2-AFA5-0125BB0A8DE1}.Release|Any CPU.Build.0 = Release|Any CPU
		{E1042379-4A90-4099-AEF6-F0400D18B093}.Debug|Any CPU.ActiveCfg = Debug|Any CPU
		{E1042379-4A90-4099-AEF6-F0400D18B093}.Debug|Any CPU.Build.0 = Debug|Any CPU
		{E1042379-4A90-4099-AEF6-F0400D18B093}.Release|Any CPU.ActiveCfg = Release|Any CPU
		{E1042379-4A90-4099-AEF6-F0400D18B093}.Release|Any CPU.Build.0 = Release|Any CPU
		{00123D27-941E-45BB-B3D7-9425338E6DBF}.Debug|Any CPU.ActiveCfg = Debug|Any CPU
		{00123D27-941E-45BB-B3D7-9425338E6DBF}.Debug|Any CPU.Build.0 = Debug|Any CPU
		{00123D27-941E-45BB-B3D7-9425338E6DBF}.Release|Any CPU.ActiveCfg = Release|Any CPU
		{00123D27-941E-45BB-B3D7-9425338E6DBF}.Release|Any CPU.Build.0 = Release|Any CPU
		{D69E0BE3-4FFE-4466-8ECE-AC159363A060}.Debug|Any CPU.ActiveCfg = Debug|Any CPU
		{D69E0BE3-4FFE-4466-8ECE-AC159363A060}.Debug|Any CPU.Build.0 = Debug|Any CPU
		{D69E0BE3-4FFE-4466-8ECE-AC159363A060}.Release|Any CPU.ActiveCfg = Release|Any CPU
		{D69E0BE3-4FFE-4466-8ECE-AC159363A060}.Release|Any CPU.Build.0 = Release|Any CPU
		{CAF47C6F-E162-47DB-A8BF-B424C60D5E7A}.Debug|Any CPU.ActiveCfg = Debug|Any CPU
		{CAF47C6F-E162-47DB-A8BF-B424C60D5E7A}.Debug|Any CPU.Build.0 = Debug|Any CPU
		{CAF47C6F-E162-47DB-A8BF-B424C60D5E7A}.Release|Any CPU.ActiveCfg = Release|Any CPU
		{CAF47C6F-E162-47DB-A8BF-B424C60D5E7A}.Release|Any CPU.Build.0 = Release|Any CPU
		{CEE76295-059F-4C61-8890-1F170A8D73B4}.Debug|Any CPU.ActiveCfg = Debug|Any CPU
		{CEE76295-059F-4C61-8890-1F170A8D73B4}.Debug|Any CPU.Build.0 = Debug|Any CPU
		{CEE76295-059F-4C61-8890-1F170A8D73B4}.Release|Any CPU.ActiveCfg = Release|Any CPU
		{CEE76295-059F-4C61-8890-1F170A8D73B4}.Release|Any CPU.Build.0 = Release|Any CPU
		{A3306C26-3B4D-4F71-A7EF-22955AF6537C}.Debug|Any CPU.ActiveCfg = Debug|Any CPU
		{A3306C26-3B4D-4F71-A7EF-22955AF6537C}.Debug|Any CPU.Build.0 = Debug|Any CPU
		{A3306C26-3B4D-4F71-A7EF-22955AF6537C}.Release|Any CPU.ActiveCfg = Release|Any CPU
		{A3306C26-3B4D-4F71-A7EF-22955AF6537C}.Release|Any CPU.Build.0 = Release|Any CPU
		{6154CA17-5724-4D78-B8BE-3B7D9FF6E40B}.Debug|Any CPU.ActiveCfg = Debug|Any CPU
		{6154CA17-5724-4D78-B8BE-3B7D9FF6E40B}.Debug|Any CPU.Build.0 = Debug|Any CPU
		{6154CA17-5724-4D78-B8BE-3B7D9FF6E40B}.Release|Any CPU.ActiveCfg = Release|Any CPU
		{6154CA17-5724-4D78-B8BE-3B7D9FF6E40B}.Release|Any CPU.Build.0 = Release|Any CPU
		{84E4448B-347F-4EA6-8E35-887094C1F540}.Debug|Any CPU.ActiveCfg = Debug|Any CPU
		{84E4448B-347F-4EA6-8E35-887094C1F540}.Debug|Any CPU.Build.0 = Debug|Any CPU
		{84E4448B-347F-4EA6-8E35-887094C1F540}.Release|Any CPU.ActiveCfg = Release|Any CPU
		{84E4448B-347F-4EA6-8E35-887094C1F540}.Release|Any CPU.Build.0 = Release|Any CPU
		{5E5254CB-8DE3-4C5A-9BB2-477E3569B1C5}.Debug|Any CPU.ActiveCfg = Debug|Any CPU
		{5E5254CB-8DE3-4C5A-9BB2-477E3569B1C5}.Debug|Any CPU.Build.0 = Debug|Any CPU
		{5E5254CB-8DE3-4C5A-9BB2-477E3569B1C5}.Release|Any CPU.ActiveCfg = Release|Any CPU
		{5E5254CB-8DE3-4C5A-9BB2-477E3569B1C5}.Release|Any CPU.Build.0 = Release|Any CPU
		{308BF9F1-61E6-457C-B95B-F7A1D36FA921}.Debug|Any CPU.ActiveCfg = Debug|Any CPU
		{308BF9F1-61E6-457C-B95B-F7A1D36FA921}.Debug|Any CPU.Build.0 = Debug|Any CPU
		{308BF9F1-61E6-457C-B95B-F7A1D36FA921}.Release|Any CPU.ActiveCfg = Release|Any CPU
		{308BF9F1-61E6-457C-B95B-F7A1D36FA921}.Release|Any CPU.Build.0 = Release|Any CPU
		{A610F5C1-E0AD-469F-8BD4-89FB52E602FB}.Debug|Any CPU.ActiveCfg = Debug|Any CPU
		{A610F5C1-E0AD-469F-8BD4-89FB52E602FB}.Debug|Any CPU.Build.0 = Debug|Any CPU
		{A610F5C1-E0AD-469F-8BD4-89FB52E602FB}.Release|Any CPU.ActiveCfg = Release|Any CPU
		{A610F5C1-E0AD-469F-8BD4-89FB52E602FB}.Release|Any CPU.Build.0 = Release|Any CPU
		{C00F1862-77A4-490C-A570-D3BE859554FB}.Debug|Any CPU.ActiveCfg = Debug|Any CPU
		{C00F1862-77A4-490C-A570-D3BE859554FB}.Debug|Any CPU.Build.0 = Debug|Any CPU
		{C00F1862-77A4-490C-A570-D3BE859554FB}.Release|Any CPU.ActiveCfg = Release|Any CPU
		{C00F1862-77A4-490C-A570-D3BE859554FB}.Release|Any CPU.Build.0 = Release|Any CPU
		{A3759243-BF66-4CD7-BA71-D5C65DF6D1D7}.Debug|Any CPU.ActiveCfg = Debug|Any CPU
		{A3759243-BF66-4CD7-BA71-D5C65DF6D1D7}.Debug|Any CPU.Build.0 = Debug|Any CPU
		{A3759243-BF66-4CD7-BA71-D5C65DF6D1D7}.Release|Any CPU.ActiveCfg = Release|Any CPU
		{A3759243-BF66-4CD7-BA71-D5C65DF6D1D7}.Release|Any CPU.Build.0 = Release|Any CPU
		{029773D6-D989-40B7-9A65-8871CC86490D}.Debug|Any CPU.ActiveCfg = Debug|Any CPU
		{029773D6-D989-40B7-9A65-8871CC86490D}.Debug|Any CPU.Build.0 = Debug|Any CPU
		{029773D6-D989-40B7-9A65-8871CC86490D}.Release|Any CPU.ActiveCfg = Release|Any CPU
		{029773D6-D989-40B7-9A65-8871CC86490D}.Release|Any CPU.Build.0 = Release|Any CPU
		{D8F668D7-490F-4B4A-855C-2AB1FE001343}.Debug|Any CPU.ActiveCfg = Debug|Any CPU
		{D8F668D7-490F-4B4A-855C-2AB1FE001343}.Debug|Any CPU.Build.0 = Debug|Any CPU
		{D8F668D7-490F-4B4A-855C-2AB1FE001343}.Release|Any CPU.ActiveCfg = Release|Any CPU
		{D8F668D7-490F-4B4A-855C-2AB1FE001343}.Release|Any CPU.Build.0 = Release|Any CPU
		{AD051862-692E-4648-B118-91D5B05CEFA8}.Debug|Any CPU.ActiveCfg = Debug|Any CPU
		{AD051862-692E-4648-B118-91D5B05CEFA8}.Debug|Any CPU.Build.0 = Debug|Any CPU
		{AD051862-692E-4648-B118-91D5B05CEFA8}.Release|Any CPU.ActiveCfg = Release|Any CPU
		{AD051862-692E-4648-B118-91D5B05CEFA8}.Release|Any CPU.Build.0 = Release|Any CPU
		{F64A6008-9B04-457C-8846-7791B1591942}.Debug|Any CPU.ActiveCfg = Debug|Any CPU
		{F64A6008-9B04-457C-8846-7791B1591942}.Debug|Any CPU.Build.0 = Debug|Any CPU
		{F64A6008-9B04-457C-8846-7791B1591942}.Release|Any CPU.ActiveCfg = Release|Any CPU
		{F64A6008-9B04-457C-8846-7791B1591942}.Release|Any CPU.Build.0 = Release|Any CPU
		{7D78E5D9-5AD9-4BC8-AD65-3C572D10C1E7}.Debug|Any CPU.ActiveCfg = Debug|Any CPU
		{7D78E5D9-5AD9-4BC8-AD65-3C572D10C1E7}.Debug|Any CPU.Build.0 = Debug|Any CPU
		{7D78E5D9-5AD9-4BC8-AD65-3C572D10C1E7}.Release|Any CPU.ActiveCfg = Release|Any CPU
		{7D78E5D9-5AD9-4BC8-AD65-3C572D10C1E7}.Release|Any CPU.Build.0 = Release|Any CPU
		{45B0F013-B6D3-4DD1-9295-9B13C9048B8C}.Debug|Any CPU.ActiveCfg = Debug|Any CPU
		{45B0F013-B6D3-4DD1-9295-9B13C9048B8C}.Debug|Any CPU.Build.0 = Debug|Any CPU
		{45B0F013-B6D3-4DD1-9295-9B13C9048B8C}.Release|Any CPU.ActiveCfg = Release|Any CPU
		{45B0F013-B6D3-4DD1-9295-9B13C9048B8C}.Release|Any CPU.Build.0 = Release|Any CPU
		{2FE2EDDA-D723-4694-9128-27A19358C404}.Debug|Any CPU.ActiveCfg = Debug|Any CPU
		{2FE2EDDA-D723-4694-9128-27A19358C404}.Debug|Any CPU.Build.0 = Debug|Any CPU
		{2FE2EDDA-D723-4694-9128-27A19358C404}.Release|Any CPU.ActiveCfg = Release|Any CPU
		{2FE2EDDA-D723-4694-9128-27A19358C404}.Release|Any CPU.Build.0 = Release|Any CPU
		{F1CF2D21-8B7F-4237-8A98-042E9175B061}.Debug|Any CPU.ActiveCfg = Debug|Any CPU
		{F1CF2D21-8B7F-4237-8A98-042E9175B061}.Debug|Any CPU.Build.0 = Debug|Any CPU
		{F1CF2D21-8B7F-4237-8A98-042E9175B061}.Release|Any CPU.ActiveCfg = Release|Any CPU
		{F1CF2D21-8B7F-4237-8A98-042E9175B061}.Release|Any CPU.Build.0 = Release|Any CPU
		{26BEA3A4-9C5E-445E-965A-10CDD7CB523D}.Debug|Any CPU.ActiveCfg = Debug|Any CPU
		{26BEA3A4-9C5E-445E-965A-10CDD7CB523D}.Debug|Any CPU.Build.0 = Debug|Any CPU
		{26BEA3A4-9C5E-445E-965A-10CDD7CB523D}.Release|Any CPU.ActiveCfg = Release|Any CPU
		{26BEA3A4-9C5E-445E-965A-10CDD7CB523D}.Release|Any CPU.Build.0 = Release|Any CPU
		{6FEDD9B1-32E7-4B84-B0C4-BC614EBD99FE}.Debug|Any CPU.ActiveCfg = Debug|Any CPU
		{6FEDD9B1-32E7-4B84-B0C4-BC614EBD99FE}.Debug|Any CPU.Build.0 = Debug|Any CPU
		{6FEDD9B1-32E7-4B84-B0C4-BC614EBD99FE}.Release|Any CPU.ActiveCfg = Release|Any CPU
		{6FEDD9B1-32E7-4B84-B0C4-BC614EBD99FE}.Release|Any CPU.Build.0 = Release|Any CPU
		{6FCE8108-FCD8-48FD-A07A-28134C0DC2D3}.Debug|Any CPU.ActiveCfg = Debug|Any CPU
		{6FCE8108-FCD8-48FD-A07A-28134C0DC2D3}.Debug|Any CPU.Build.0 = Debug|Any CPU
		{6FCE8108-FCD8-48FD-A07A-28134C0DC2D3}.Release|Any CPU.ActiveCfg = Release|Any CPU
		{6FCE8108-FCD8-48FD-A07A-28134C0DC2D3}.Release|Any CPU.Build.0 = Release|Any CPU
	EndGlobalSection
	GlobalSection(SolutionProperties) = preSolution
		HideSolutionNode = FALSE
	EndGlobalSection
	GlobalSection(ExtensibilityGlobals) = postSolution
		SolutionGuid = {C515C647-1802-46FB-92F6-480DEF231D48}
	EndGlobalSection
EndGlobal
